
Microsoft Visual Studio Solution File, Format Version 12.00
# Visual Studio Version 17
VisualStudioVersion = 17.6.33712.159
MinimumVisualStudioVersion = 10.0.40219.1
Project("{FAE04EC0-301F-11D3-BF4B-00C04F79EFBC}") = "sqlgyak", "sqlgyak.csproj", "{4A14687D-3CBF-4FFB-AC61-345F5A77D3BC}"
EndProject
Global
	GlobalSection(SolutionConfigurationPlatforms) = preSolution
		Debug|Any CPU = Debug|Any CPU
		Release|Any CPU = Release|Any CPU
	EndGlobalSection
	GlobalSection(ProjectConfigurationPlatforms) = postSolution
		{4A14687D-3CBF-4FFB-AC61-345F5A77D3BC}.Debug|Any CPU.ActiveCfg = Debug|Any CPU
		{4A14687D-3CBF-4FFB-AC61-345F5A77D3BC}.Debug|Any CPU.Build.0 = Debug|Any CPU
		{4A14687D-3CBF-4FFB-AC61-345F5A77D3BC}.Release|Any CPU.ActiveCfg = Release|Any CPU
		{4A14687D-3CBF-4FFB-AC61-345F5A77D3BC}.Release|Any CPU.Build.0 = Release|Any CPU
	EndGlobalSection
	GlobalSection(SolutionProperties) = preSolution
		HideSolutionNode = FALSE
	EndGlobalSection
	GlobalSection(ExtensibilityGlobals) = postSolution
		SolutionGuid = {9CEA4647-6723-4982-99FD-B2838B692C2C}
	EndGlobalSection
EndGlobal
